
Microsoft Visual Studio Solution File, Format Version 12.00
# Visual Studio Version 16
VisualStudioVersion = 16.0.29613.14
MinimumVisualStudioVersion = 10.0.40219.1
Project("{FAE04EC0-301F-11D3-BF4B-00C04F79EFBC}") = "MVC_LMS", "MVC_LMS.csproj", "{E231D5D5-1B6D-4E09-946B-C437F6F2A752}"
EndProject
Global
	GlobalSection(SolutionConfigurationPlatforms) = preSolution
		Debug|Any CPU = Debug|Any CPU
		Release|Any CPU = Release|Any CPU
	EndGlobalSection
	GlobalSection(ProjectConfigurationPlatforms) = postSolution
		{E231D5D5-1B6D-4E09-946B-C437F6F2A752}.Debug|Any CPU.ActiveCfg = Debug|Any CPU
		{E231D5D5-1B6D-4E09-946B-C437F6F2A752}.Debug|Any CPU.Build.0 = Debug|Any CPU
		{E231D5D5-1B6D-4E09-946B-C437F6F2A752}.Release|Any CPU.ActiveCfg = Release|Any CPU
		{E231D5D5-1B6D-4E09-946B-C437F6F2A752}.Release|Any CPU.Build.0 = Release|Any CPU
	EndGlobalSection
	GlobalSection(SolutionProperties) = preSolution
		HideSolutionNode = FALSE
	EndGlobalSection
	GlobalSection(ExtensibilityGlobals) = postSolution
		SolutionGuid = {0249BC8A-A043-4808-8E91-631449D4C2FE}
	EndGlobalSection
EndGlobal
